
Microsoft Visual Studio Solution File, Format Version 12.00
# Visual Studio Version 17
VisualStudioVersion = 17.0.31903.59
MinimumVisualStudioVersion = 10.0.40219.1
Project("{FAE04EC0-301F-11D3-BF4B-00C04F79EFBC}") = "OAIP", "OAIP\OAIP.csproj", "{6FE8F65F-6E87-4039-B71B-777C1AC69101}"
EndProject
Project("{FAE04EC0-301F-11D3-BF4B-00C04F79EFBC}") = "OAIP-run", "..\..\dotnet run\OAIP-run\OAIP-run.csproj", "{0A6FF500-BB53-41FC-BA14-18529C04DC33}"
EndProject
Global
	GlobalSection(SolutionConfigurationPlatforms) = preSolution
		Debug|Any CPU = Debug|Any CPU
		Release|Any CPU = Release|Any CPU
	EndGlobalSection
	GlobalSection(SolutionProperties) = preSolution
		HideSolutionNode = FALSE
	EndGlobalSection
	GlobalSection(ProjectConfigurationPlatforms) = postSolution
		{6FE8F65F-6E87-4039-B71B-777C1AC69101}.Debug|Any CPU.ActiveCfg = Debug|Any CPU
		{6FE8F65F-6E87-4039-B71B-777C1AC69101}.Debug|Any CPU.Build.0 = Debug|Any CPU
		{6FE8F65F-6E87-4039-B71B-777C1AC69101}.Release|Any CPU.ActiveCfg = Release|Any CPU
		{6FE8F65F-6E87-4039-B71B-777C1AC69101}.Release|Any CPU.Build.0 = Release|Any CPU
		{0A6FF500-BB53-41FC-BA14-18529C04DC33}.Debug|Any CPU.ActiveCfg = Debug|Any CPU
		{0A6FF500-BB53-41FC-BA14-18529C04DC33}.Debug|Any CPU.Build.0 = Debug|Any CPU
		{0A6FF500-BB53-41FC-BA14-18529C04DC33}.Release|Any CPU.ActiveCfg = Release|Any CPU
		{0A6FF500-BB53-41FC-BA14-18529C04DC33}.Release|Any CPU.Build.0 = Release|Any CPU
	EndGlobalSection
EndGlobal
